
Microsoft Visual Studio Solution File, Format Version 12.00
# Visual Studio Version 16
VisualStudioVersion = 16.0.33214.272
MinimumVisualStudioVersion = 10.0.40219.1
Project("{8BC9CEB8-8B4A-11D0-8D11-00A0C91BC942}") = "Leetcode_way_1480", "Leetcode_way\Leetcode_way.vcxproj", "{25A84B41-0429-4D9F-8654-FC3501D210DB}"
EndProject
Project("{8BC9CEB8-8B4A-11D0-8D11-00A0C91BC942}") = "Leetcode_724", "Leetcode_724\Leetcode_724.vcxproj", "{60A57D0E-9F50-494A-9DCC-AABD854FDD7F}"
EndProject
Project("{8BC9CEB8-8B4A-11D0-8D11-00A0C91BC942}") = "Leetcode_189", "Leetcode_189\Leetcode_189.vcxproj", "{320343A0-A3C9-4E00-B05D-F12053F241DD}"
EndProject
Project("{8BC9CEB8-8B4A-11D0-8D11-00A0C91BC942}") = "Leetcode_1", "Leetcode_1\Leetcode_1.vcxproj", "{B475CBE6-1041-4ECF-9255-51C4159DD09B}"
EndProject
Project("{8BC9CEB8-8B4A-11D0-8D11-00A0C91BC942}") = "Leetcode_27", "Leetcode_27\Leetcode_27.vcxproj", "{A9BFC4A3-BAE9-484D-B35D-09F7B3A65190}"
EndProject
Project("{8BC9CEB8-8B4A-11D0-8D11-00A0C91BC942}") = "Leetcode_27_TBS", "Leetcode_27_TBS\Leetcode_27_TBS.vcxproj", "{9C11D4E9-1C9C-4C05-A7A0-A5743012AF66}"
EndProject
Project("{8BC9CEB8-8B4A-11D0-8D11-00A0C91BC942}") = "Leetcode_1_TBS", "Leetcode_1_TBS\Leetcode_1_TBS.vcxproj", "{0A44F2FC-7A99-4807-AC8C-76C90712DC61}"
EndProject
Project("{8BC9CEB8-8B4A-11D0-8D11-00A0C91BC942}") = "Leetcode_9", "Leetcode_9\Leetcode_9.vcxproj", "{49C196D6-74E5-4573-BD46-3956548582D5}"
EndProject
Project("{8BC9CEB8-8B4A-11D0-8D11-00A0C91BC942}") = "Leetcode_9_TBS", "Leetcode_9_TBS\Leetcode_9_TBS.vcxproj", "{08FBA869-620C-4A42-B711-CA9A6CD3F25B}"
EndProject
Project("{8BC9CEB8-8B4A-11D0-8D11-00A0C91BC942}") = "Leetcode_14", "Leetcode_14\Leetcode_14.vcxproj", "{C89E3D83-D40E-4483-9646-327FA76E890E}"
EndProject
Project("{8BC9CEB8-8B4A-11D0-8D11-00A0C91BC942}") = "Leetcode_14_TBS", "Leetcode_14_TBS\Leetcode_14_TBS.vcxproj", "{B78165B7-56A7-490D-ABA8-92270036871C}"
EndProject
Project("{8BC9CEB8-8B4A-11D0-8D11-00A0C91BC942}") = "Leetcode_13", "Leetcode_13\Leetcode_13.vcxproj", "{64AD8F2C-F779-4DD6-8C28-43FB4364C498}"
EndProject
Project("{8BC9CEB8-8B4A-11D0-8D11-00A0C91BC942}") = "Leetcode_14_Ed", "Leetcode_14_Ed\Leetcode_14_Ed.vcxproj", "{F0D61931-1407-407C-AB3A-1071571A45D7}"
EndProject
Global
	GlobalSection(SolutionConfigurationPlatforms) = preSolution
		Debug|x64 = Debug|x64
		Debug|x86 = Debug|x86
		Release|x64 = Release|x64
		Release|x86 = Release|x86
	EndGlobalSection
	GlobalSection(ProjectConfigurationPlatforms) = postSolution
		{25A84B41-0429-4D9F-8654-FC3501D210DB}.Debug|x64.ActiveCfg = Debug|x64
		{25A84B41-0429-4D9F-8654-FC3501D210DB}.Debug|x64.Build.0 = Debug|x64
		{25A84B41-0429-4D9F-8654-FC3501D210DB}.Debug|x86.ActiveCfg = Debug|Win32
		{25A84B41-0429-4D9F-8654-FC3501D210DB}.Debug|x86.Build.0 = Debug|Win32
		{25A84B41-0429-4D9F-8654-FC3501D210DB}.Release|x64.ActiveCfg = Release|x64
		{25A84B41-0429-4D9F-8654-FC3501D210DB}.Release|x64.Build.0 = Release|x64
		{25A84B41-0429-4D9F-8654-FC3501D210DB}.Release|x86.ActiveCfg = Release|Win32
		{25A84B41-0429-4D9F-8654-FC3501D210DB}.Release|x86.Build.0 = Release|Win32
		{60A57D0E-9F50-494A-9DCC-AABD854FDD7F}.Debug|x64.ActiveCfg = Debug|x64
		{60A57D0E-9F50-494A-9DCC-AABD854FDD7F}.Debug|x64.Build.0 = Debug|x64
		{60A57D0E-9F50-494A-9DCC-AABD854FDD7F}.Debug|x86.ActiveCfg = Debug|Win32
		{60A57D0E-9F50-494A-9DCC-AABD854FDD7F}.Debug|x86.Build.0 = Debug|Win32
		{60A57D0E-9F50-494A-9DCC-AABD854FDD7F}.Release|x64.ActiveCfg = Release|x64
		{60A57D0E-9F50-494A-9DCC-AABD854FDD7F}.Release|x64.Build.0 = Release|x64
		{60A57D0E-9F50-494A-9DCC-AABD854FDD7F}.Release|x86.ActiveCfg = Release|Win32
		{60A57D0E-9F50-494A-9DCC-AABD854FDD7F}.Release|x86.Build.0 = Release|Win32
		{320343A0-A3C9-4E00-B05D-F12053F241DD}.Debug|x64.ActiveCfg = Debug|x64
		{320343A0-A3C9-4E00-B05D-F12053F241DD}.Debug|x64.Build.0 = Debug|x64
		{320343A0-A3C9-4E00-B05D-F12053F241DD}.Debug|x86.ActiveCfg = Debug|Win32
		{320343A0-A3C9-4E00-B05D-F12053F241DD}.Debug|x86.Build.0 = Debug|Win32
		{320343A0-A3C9-4E00-B05D-F12053F241DD}.Release|x64.ActiveCfg = Release|x64
		{320343A0-A3C9-4E00-B05D-F12053F241DD}.Release|x64.Build.0 = Release|x64
		{320343A0-A3C9-4E00-B05D-F12053F241DD}.Release|x86.ActiveCfg = Release|Win32
		{320343A0-A3C9-4E00-B05D-F12053F241DD}.Release|x86.Build.0 = Release|Win32
		{B475CBE6-1041-4ECF-9255-51C4159DD09B}.Debug|x64.ActiveCfg = Debug|x64
		{B475CBE6-1041-4ECF-9255-51C4159DD09B}.Debug|x64.Build.0 = Debug|x64
		{B475CBE6-1041-4ECF-9255-51C4159DD09B}.Debug|x86.ActiveCfg = Debug|Win32
		{B475CBE6-1041-4ECF-9255-51C4159DD09B}.Debug|x86.Build.0 = Debug|Win32
		{B475CBE6-1041-4ECF-9255-51C4159DD09B}.Release|x64.ActiveCfg = Release|x64
		{B475CBE6-1041-4ECF-9255-51C4159DD09B}.Release|x64.Build.0 = Release|x64
		{B475CBE6-1041-4ECF-9255-51C4159DD09B}.Release|x86.ActiveCfg = Release|Win32
		{B475CBE6-1041-4ECF-9255-51C4159DD09B}.Release|x86.Build.0 = Release|Win32
		{A9BFC4A3-BAE9-484D-B35D-09F7B3A65190}.Debug|x64.ActiveCfg = Debug|x64
		{A9BFC4A3-BAE9-484D-B35D-09F7B3A65190}.Debug|x64.Build.0 = Debug|x64
		{A9BFC4A3-BAE9-484D-B35D-09F7B3A65190}.Debug|x86.ActiveCfg = Debug|Win32
		{A9BFC4A3-BAE9-484D-B35D-09F7B3A65190}.Debug|x86.Build.0 = Debug|Win32
		{A9BFC4A3-BAE9-484D-B35D-09F7B3A65190}.Release|x64.ActiveCfg = Release|x64
		{A9BFC4A3-BAE9-484D-B35D-09F7B3A65190}.Release|x64.Build.0 = Release|x64
		{A9BFC4A3-BAE9-484D-B35D-09F7B3A65190}.Release|x86.ActiveCfg = Release|Win32
		{A9BFC4A3-BAE9-484D-B35D-09F7B3A65190}.Release|x86.Build.0 = Release|Win32
		{9C11D4E9-1C9C-4C05-A7A0-A5743012AF66}.Debug|x64.ActiveCfg = Debug|x64
		{9C11D4E9-1C9C-4C05-A7A0-A5743012AF66}.Debug|x64.Build.0 = Debug|x64
		{9C11D4E9-1C9C-4C05-A7A0-A5743012AF66}.Debug|x86.ActiveCfg = Debug|Win32
		{9C11D4E9-1C9C-4C05-A7A0-A5743012AF66}.Debug|x86.Build.0 = Debug|Win32
		{9C11D4E9-1C9C-4C05-A7A0-A5743012AF66}.Release|x64.ActiveCfg = Release|x64
		{9C11D4E9-1C9C-4C05-A7A0-A5743012AF66}.Release|x64.Build.0 = Release|x64
		{9C11D4E9-1C9C-4C05-A7A0-A5743012AF66}.Release|x86.ActiveCfg = Release|Win32
		{9C11D4E9-1C9C-4C05-A7A0-A5743012AF66}.Release|x86.Build.0 = Release|Win32
		{0A44F2FC-7A99-4807-AC8C-76C90712DC61}.Debug|x64.ActiveCfg = Debug|x64
		{0A44F2FC-7A99-4807-AC8C-76C90712DC61}.Debug|x64.Build.0 = Debug|x64
		{0A44F2FC-7A99-4807-AC8C-76C90712DC61}.Debug|x86.ActiveCfg = Debug|Win32
		{0A44F2FC-7A99-4807-AC8C-76C90712DC61}.Debug|x86.Build.0 = Debug|Win32
		{0A44F2FC-7A99-4807-AC8C-76C90712DC61}.Release|x64.ActiveCfg = Release|x64
		{0A44F2FC-7A99-4807-AC8C-76C90712DC61}.Release|x64.Build.0 = Release|x64
		{0A44F2FC-7A99-4807-AC8C-76C90712DC61}.Release|x86.ActiveCfg = Release|Win32
		{0A44F2FC-7A99-4807-AC8C-76C90712DC61}.Release|x86.Build.0 = Release|Win32
		{49C196D6-74E5-4573-BD46-3956548582D5}.Debug|x64.ActiveCfg = Debug|x64
		{49C196D6-74E5-4573-BD46-3956548582D5}.Debug|x64.Build.0 = Debug|x64
		{49C196D6-74E5-4573-BD46-3956548582D5}.Debug|x86.ActiveCfg = Debug|Win32
		{49C196D6-74E5-4573-BD46-3956548582D5}.Debug|x86.Build.0 = Debug|Win32
		{49C196D6-74E5-4573-BD46-3956548582D5}.Release|x64.ActiveCfg = Release|x64
		{49C196D6-74E5-4573-BD46-3956548582D5}.Release|x64.Build.0 = Release|x64
		{49C196D6-74E5-4573-BD46-3956548582D5}.Release|x86.ActiveCfg = Release|Win32
		{49C196D6-74E5-4573-BD46-3956548582D5}.Release|x86.Build.0 = Release|Win32
		{08FBA869-620C-4A42-B711-CA9A6CD3F25B}.Debug|x64.ActiveCfg = Debug|x64
		{08FBA869-620C-4A42-B711-CA9A6CD3F25B}.Debug|x64.Build.0 = Debug|x64
		{08FBA869-620C-4A42-B711-CA9A6CD3F25B}.Debug|x86.ActiveCfg = Debug|Win32
		{08FBA869-620C-4A42-B711-CA9A6CD3F25B}.Debug|x86.Build.0 = Debug|Win32
		{08FBA869-620C-4A42-B711-CA9A6CD3F25B}.Release|x64.ActiveCfg = Release|x64
		{08FBA869-620C-4A42-B711-CA9A6CD3F25B}.Release|x64.Build.0 = Release|x64
		{08FBA869-620C-4A42-B711-CA9A6CD3F25B}.Release|x86.ActiveCfg = Release|Win32
		{08FBA869-620C-4A42-B711-CA9A6CD3F25B}.Release|x86.Build.0 = Release|Win32
		{C89E3D83-D40E-4483-9646-327FA76E890E}.Debug|x64.ActiveCfg = Debug|x64
		{C89E3D83-D40E-4483-9646-327FA76E890E}.Debug|x64.Build.0 = Debug|x64
		{C89E3D83-D40E-4483-9646-327FA76E890E}.Debug|x86.ActiveCfg = Debug|Win32
		{C89E3D83-D40E-4483-9646-327FA76E890E}.Debug|x86.Build.0 = Debug|Win32
		{C89E3D83-D40E-4483-9646-327FA76E890E}.Release|x64.ActiveCfg = Release|x64
		{C89E3D83-D40E-4483-9646-327FA76E890E}.Release|x64.Build.0 = Release|x64
		{C89E3D83-D40E-4483-9646-327FA76E890E}.Release|x86.ActiveCfg = Release|Win32
		{C89E3D83-D40E-4483-9646-327FA76E890E}.Release|x86.Build.0 = Release|Win32
		{B78165B7-56A7-490D-ABA8-92270036871C}.Debug|x64.ActiveCfg = Debug|x64
		{B78165B7-56A7-490D-ABA8-92270036871C}.Debug|x64.Build.0 = Debug|x64
		{B78165B7-56A7-490D-ABA8-92270036871C}.Debug|x86.ActiveCfg = Debug|Win32
		{B78165B7-56A7-490D-ABA8-92270036871C}.Debug|x86.Build.0 = Debug|Win32
		{B78165B7-56A7-490D-ABA8-92270036871C}.Release|x64.ActiveCfg = Release|x64
		{B78165B7-56A7-490D-ABA8-92270036871C}.Release|x64.Build.0 = Release|x64
		{B78165B7-56A7-490D-ABA8-92270036871C}.Release|x86.ActiveCfg = Release|Win32
		{B78165B7-56A7-490D-ABA8-92270036871C}.Release|x86.Build.0 = Release|Win32
		{64AD8F2C-F779-4DD6-8C28-43FB4364C498}.Debug|x64.ActiveCfg = Debug|x64
		{64AD8F2C-F779-4DD6-8C28-43FB4364C498}.Debug|x64.Build.0 = Debug|x64
		{64AD8F2C-F779-4DD6-8C28-43FB4364C498}.Debug|x86.ActiveCfg = Debug|Win32
		{64AD8F2C-F779-4DD6-8C28-43FB4364C498}.Debug|x86.Build.0 = Debug|Win32
		{64AD8F2C-F779-4DD6-8C28-43FB4364C498}.Release|x64.ActiveCfg = Release|x64
		{64AD8F2C-F779-4DD6-8C28-43FB4364C498}.Release|x64.Build.0 = Release|x64
		{64AD8F2C-F779-4DD6-8C28-43FB4364C498}.Release|x86.ActiveCfg = Release|Win32
		{64AD8F2C-F779-4DD6-8C28-43FB4364C498}.Release|x86.Build.0 = Release|Win32
		{F0D61931-1407-407C-AB3A-1071571A45D7}.Debug|x64.ActiveCfg = Debug|x64
		{F0D61931-1407-407C-AB3A-1071571A45D7}.Debug|x64.Build.0 = Debug|x64
		{F0D61931-1407-407C-AB3A-1071571A45D7}.Debug|x86.ActiveCfg = Debug|Win32
		{F0D61931-1407-407C-AB3A-1071571A45D7}.Debug|x86.Build.0 = Debug|Win32
		{F0D61931-1407-407C-AB3A-1071571A45D7}.Release|x64.ActiveCfg = Release|x64
		{F0D61931-1407-407C-AB3A-1071571A45D7}.Release|x64.Build.0 = Release|x64
		{F0D61931-1407-407C-AB3A-1071571A45D7}.Release|x86.ActiveCfg = Release|Win32
		{F0D61931-1407-407C-AB3A-1071571A45D7}.Release|x86.Build.0 = Release|Win32
	EndGlobalSection
	GlobalSection(SolutionProperties) = preSolution
		HideSolutionNode = FALSE
	EndGlobalSection
	GlobalSection(ExtensibilityGlobals) = postSolution
		SolutionGuid = {3D0C36DC-26B2-46F1-8A5C-751F557A3427}
	EndGlobalSection
EndGlobal
