
Microsoft Visual Studio Solution File, Format Version 12.00
# Visual Studio Version 16
VisualStudioVersion = 16.0.33214.272
MinimumVisualStudioVersion = 10.0.40219.1
Project("{8BC9CEB8-8B4A-11D0-8D11-00A0C91BC942}") = "Leetcode_way_1480", "Leetcode_way\Leetcode_way.vcxproj", "{25A84B41-0429-4D9F-8654-FC3501D210DB}"
EndProject
Project("{8BC9CEB8-8B4A-11D0-8D11-00A0C91BC942}") = "Leetcode_724", "Leetcode_724\Leetcode_724.vcxproj", "{60A57D0E-9F50-494A-9DCC-AABD854FDD7F}"
EndProject
Project("{8BC9CEB8-8B4A-11D0-8D11-00A0C91BC942}") = "Leetcode_189", "Leetcode_189\Leetcode_189.vcxproj", "{320343A0-A3C9-4E00-B05D-F12053F241DD}"
EndProject
Project("{8BC9CEB8-8B4A-11D0-8D11-00A0C91BC942}") = "Leetcode_1", "Leetcode_1\Leetcode_1.vcxproj", "{B475CBE6-1041-4ECF-9255-51C4159DD09B}"
EndProject
Project("{8BC9CEB8-8B4A-11D0-8D11-00A0C91BC942}") = "Leetcode_27", "Leetcode_27\Leetcode_27.vcxproj", "{A9BFC4A3-BAE9-484D-B35D-09F7B3A65190}"
EndProject
Project("{8BC9CEB8-8B4A-11D0-8D11-00A0C91BC942}") = "Leetcode_27_TBS", "Leetcode_27_TBS\Leetcode_27_TBS.vcxproj", "{9C11D4E9-1C9C-4C05-A7A0-A5743012AF66}"
EndProject
Project("{8BC9CEB8-8B4A-11D0-8D11-00A0C91BC942}") = "Leetcode_1_TBS", "Leetcode_1_TBS\Leetcode_1_TBS.vcxproj", "{0A44F2FC-7A99-4807-AC8C-76C90712DC61}"
EndProject
Project("{8BC9CEB8-8B4A-11D0-8D11-00A0C91BC942}") = "Leetcode_9", "Leetcode_9\Leetcode_9.vcxproj", "{49C196D6-74E5-4573-BD46-3956548582D5}"
EndProject
Project("{8BC9CEB8-8B4A-11D0-8D11-00A0C91BC942}") = "Leetcode_9_TBS", "Leetcode_9_TBS\Leetcode_9_TBS.vcxproj", "{08FBA869-620C-4A42-B711-CA9A6CD3F25B}"
EndProject
Project("{8BC9CEB8-8B4A-11D0-8D11-00A0C91BC942}") = "Leetcode_14", "Leetcode_14\Leetcode_14.vcxproj", "{C89E3D83-D40E-4483-9646-327FA76E890E}"
EndProject
Project("{8BC9CEB8-8B4A-11D0-8D11-00A0C91BC942}") = "Leetcode_14_TBS", "Leetcode_14_TBS\Leetcode_14_TBS.vcxproj", "{B78165B7-56A7-490D-ABA8-92270036871C}"
EndProject
Project("{8BC9CEB8-8B4A-11D0-8D11-00A0C91BC942}") = "Leetcode_13", "Leetcode_13\Leetcode_13.vcxproj", "{64AD8F2C-F779-4DD6-8C28-43FB4364C498}"
EndProject
Project("{8BC9CEB8-8B4A-11D0-8D11-00A0C91BC942}") = "Leetcode_14_Ed", "Leetcode_14_Ed\Leetcode_14_Ed.vcxproj", "{F0D61931-1407-407C-AB3A-1071571A45D7}"
EndProject
Project("{8BC9CEB8-8B4A-11D0-8D11-00A0C91BC942}") = "Leetcode_20", "Leetcode_20\Leetcode_20.vcxproj", "{03D2B739-B05D-4657-84EE-9C0E3CED2F63}"
EndProject
Project("{8BC9CEB8-8B4A-11D0-8D11-00A0C91BC942}") = "Leetcode_21", "Leetcode_21\Leetcode_21.vcxproj", "{F6EF267C-8B63-4784-A69B-BD0FC94B8E4D}"
EndProject
Project("{8BC9CEB8-8B4A-11D0-8D11-00A0C91BC942}") = "Leetcode_26", "Leetcode_26\Leetcode_26.vcxproj", "{336AE35F-77A9-4412-9670-DD28361B6B9B}"
EndProject
Project("{8BC9CEB8-8B4A-11D0-8D11-00A0C91BC942}") = "Leetcode_26_TBS", "Leetcode_26_TBS\Leetcode_26_TBS.vcxproj", "{55000987-56F4-4A44-B7C1-A76785FAEA0D}"
EndProject
Project("{8BC9CEB8-8B4A-11D0-8D11-00A0C91BC942}") = "Leetcode_28", "Leetcode_28\Leetcode_28.vcxproj", "{26B5C328-9509-4DC2-A979-09C4B47DD9C5}"
EndProject
Project("{8BC9CEB8-8B4A-11D0-8D11-00A0C91BC942}") = "Leetcode_35", "Leetcode_35\Leetcode_35.vcxproj", "{FC8AF984-4260-43C7-8B16-8834431C1C63}"
EndProject
Project("{8BC9CEB8-8B4A-11D0-8D11-00A0C91BC942}") = "Leetcode_35_TBS", "Leetcode_35_TBS\Leetcode_35_TBS.vcxproj", "{0AABBB44-A45D-4339-B663-AEF40A340A8B}"
EndProject
Project("{8BC9CEB8-8B4A-11D0-8D11-00A0C91BC942}") = "Leetcode_1768", "Leetcode_1768\Leetcode_1768.vcxproj", "{9CA9FCBE-5A8D-4352-8A46-9FF2D6E17FB3}"
EndProject
Project("{8BC9CEB8-8B4A-11D0-8D11-00A0C91BC942}") = "Leetcode_1768_TBS", "Leetcode_1768_TBS\Leetcode_1768_TBS.vcxproj", "{CC788271-742D-444B-A0AB-89370D503CD4}"
EndProject
Project("{8BC9CEB8-8B4A-11D0-8D11-00A0C91BC942}") = "Leetcode_1071", "Leetcode_1071\Leetcode_1071.vcxproj", "{B238A2DC-4C37-4118-8F0A-1D77929AF6A2}"
EndProject
Project("{8BC9CEB8-8B4A-11D0-8D11-00A0C91BC942}") = "Leetcode_1071_TBS", "Leetcode_1071_TBS\Leetcode_1071_TBS.vcxproj", "{2E5FD9C0-7FAE-4ADF-9D7F-BDB6448D94BC}"
EndProject
Project("{8BC9CEB8-8B4A-11D0-8D11-00A0C91BC942}") = "Leetcode_1431", "Leetcode_1431\Leetcode_1431.vcxproj", "{A43DC38D-3DEF-4831-A82B-DD33720A2484}"
EndProject
Project("{8BC9CEB8-8B4A-11D0-8D11-00A0C91BC942}") = "Leetcode_1431_TBS", "Leetcode_1431_TBS\Leetcode_1431_TBS.vcxproj", "{EAA324B5-DBB7-4BC1-8C86-7F12D83C9EF4}"
EndProject
Project("{8BC9CEB8-8B4A-11D0-8D11-00A0C91BC942}") = "Leetcode_605", "Leetcode_605\Leetcode_605.vcxproj", "{D5609673-5C62-49A4-A3EE-D0B4338D6391}"
EndProject
Project("{8BC9CEB8-8B4A-11D0-8D11-00A0C91BC942}") = "Leetcode_605_TBS", "Leetcode_605_TBS\Leetcode_605_TBS.vcxproj", "{B224F733-1FC8-46CD-AC5A-082BF3109D12}"
EndProject
Project("{8BC9CEB8-8B4A-11D0-8D11-00A0C91BC942}") = "Leetcode_345", "Leetcode_345\Leetcode_345.vcxproj", "{8F9E2E2F-12B4-4E83-8F45-FAF3C504BFFF}"
EndProject
Project("{8BC9CEB8-8B4A-11D0-8D11-00A0C91BC942}") = "Leetcode_151", "Leetcode_151\Leetcode_151.vcxproj", "{8B6196C9-593C-46AE-B5CD-98297AE6A2EC}"
EndProject
Project("{8BC9CEB8-8B4A-11D0-8D11-00A0C91BC942}") = "Leetcode_151_TBS", "Leetcode_151_TBS\Leetcode_151_TBS.vcxproj", "{289BFCDD-9885-4EDE-870F-229D8B8A22DC}"
EndProject
Project("{8BC9CEB8-8B4A-11D0-8D11-00A0C91BC942}") = "Leetcode_345_TBS", "Leetcode_345_TBS\Leetcode_345_TBS.vcxproj", "{4CFC9B76-1FA8-4D64-A0AD-C10B596CFCED}"
EndProject
Project("{8BC9CEB8-8B4A-11D0-8D11-00A0C91BC942}") = "Leetcode_238", "Leetcode_238\Leetcode_238.vcxproj", "{F389D208-7837-4183-AF3A-AD0533B12A4F}"
EndProject
Project("{8BC9CEB8-8B4A-11D0-8D11-00A0C91BC942}") = "Leetcode_238_TBS", "Leetcode_238_TBS\Leetcode_238_TBS.vcxproj", "{19D4615E-31C3-4F4A-998F-F6CE80F68A63}"
EndProject
Project("{8BC9CEB8-8B4A-11D0-8D11-00A0C91BC942}") = "Leetcode_334", "Leetcode_334\Leetcode_334.vcxproj", "{E5A9B030-DDFA-4438-8708-D242DF2E1609}"
EndProject
Project("{8BC9CEB8-8B4A-11D0-8D11-00A0C91BC942}") = "Leetcode_191", "Leetcode_191\Leetcode_191.vcxproj", "{5E8083FF-DF81-4665-9FD9-634EED543F97}"
EndProject
Project("{8BC9CEB8-8B4A-11D0-8D11-00A0C91BC942}") = "Leetcode_443", "Leetcode_443\Leetcode_443.vcxproj", "{9A03D711-2495-4E7D-AAC3-A1AE6B042CAD}"
EndProject
Global
	GlobalSection(SolutionConfigurationPlatforms) = preSolution
		Debug|x64 = Debug|x64
		Debug|x86 = Debug|x86
		Release|x64 = Release|x64
		Release|x86 = Release|x86
	EndGlobalSection
	GlobalSection(ProjectConfigurationPlatforms) = postSolution
		{25A84B41-0429-4D9F-8654-FC3501D210DB}.Debug|x64.ActiveCfg = Debug|x64
		{25A84B41-0429-4D9F-8654-FC3501D210DB}.Debug|x64.Build.0 = Debug|x64
		{25A84B41-0429-4D9F-8654-FC3501D210DB}.Debug|x86.ActiveCfg = Debug|Win32
		{25A84B41-0429-4D9F-8654-FC3501D210DB}.Debug|x86.Build.0 = Debug|Win32
		{25A84B41-0429-4D9F-8654-FC3501D210DB}.Release|x64.ActiveCfg = Release|x64
		{25A84B41-0429-4D9F-8654-FC3501D210DB}.Release|x64.Build.0 = Release|x64
		{25A84B41-0429-4D9F-8654-FC3501D210DB}.Release|x86.ActiveCfg = Release|Win32
		{25A84B41-0429-4D9F-8654-FC3501D210DB}.Release|x86.Build.0 = Release|Win32
		{60A57D0E-9F50-494A-9DCC-AABD854FDD7F}.Debug|x64.ActiveCfg = Debug|x64
		{60A57D0E-9F50-494A-9DCC-AABD854FDD7F}.Debug|x64.Build.0 = Debug|x64
		{60A57D0E-9F50-494A-9DCC-AABD854FDD7F}.Debug|x86.ActiveCfg = Debug|Win32
		{60A57D0E-9F50-494A-9DCC-AABD854FDD7F}.Debug|x86.Build.0 = Debug|Win32
		{60A57D0E-9F50-494A-9DCC-AABD854FDD7F}.Release|x64.ActiveCfg = Release|x64
		{60A57D0E-9F50-494A-9DCC-AABD854FDD7F}.Release|x64.Build.0 = Release|x64
		{60A57D0E-9F50-494A-9DCC-AABD854FDD7F}.Release|x86.ActiveCfg = Release|Win32
		{60A57D0E-9F50-494A-9DCC-AABD854FDD7F}.Release|x86.Build.0 = Release|Win32
		{320343A0-A3C9-4E00-B05D-F12053F241DD}.Debug|x64.ActiveCfg = Debug|x64
		{320343A0-A3C9-4E00-B05D-F12053F241DD}.Debug|x64.Build.0 = Debug|x64
		{320343A0-A3C9-4E00-B05D-F12053F241DD}.Debug|x86.ActiveCfg = Debug|Win32
		{320343A0-A3C9-4E00-B05D-F12053F241DD}.Debug|x86.Build.0 = Debug|Win32
		{320343A0-A3C9-4E00-B05D-F12053F241DD}.Release|x64.ActiveCfg = Release|x64
		{320343A0-A3C9-4E00-B05D-F12053F241DD}.Release|x64.Build.0 = Release|x64
		{320343A0-A3C9-4E00-B05D-F12053F241DD}.Release|x86.ActiveCfg = Release|Win32
		{320343A0-A3C9-4E00-B05D-F12053F241DD}.Release|x86.Build.0 = Release|Win32
		{B475CBE6-1041-4ECF-9255-51C4159DD09B}.Debug|x64.ActiveCfg = Debug|x64
		{B475CBE6-1041-4ECF-9255-51C4159DD09B}.Debug|x64.Build.0 = Debug|x64
		{B475CBE6-1041-4ECF-9255-51C4159DD09B}.Debug|x86.ActiveCfg = Debug|Win32
		{B475CBE6-1041-4ECF-9255-51C4159DD09B}.Debug|x86.Build.0 = Debug|Win32
		{B475CBE6-1041-4ECF-9255-51C4159DD09B}.Release|x64.ActiveCfg = Release|x64
		{B475CBE6-1041-4ECF-9255-51C4159DD09B}.Release|x64.Build.0 = Release|x64
		{B475CBE6-1041-4ECF-9255-51C4159DD09B}.Release|x86.ActiveCfg = Release|Win32
		{B475CBE6-1041-4ECF-9255-51C4159DD09B}.Release|x86.Build.0 = Release|Win32
		{A9BFC4A3-BAE9-484D-B35D-09F7B3A65190}.Debug|x64.ActiveCfg = Debug|x64
		{A9BFC4A3-BAE9-484D-B35D-09F7B3A65190}.Debug|x64.Build.0 = Debug|x64
		{A9BFC4A3-BAE9-484D-B35D-09F7B3A65190}.Debug|x86.ActiveCfg = Debug|Win32
		{A9BFC4A3-BAE9-484D-B35D-09F7B3A65190}.Debug|x86.Build.0 = Debug|Win32
		{A9BFC4A3-BAE9-484D-B35D-09F7B3A65190}.Release|x64.ActiveCfg = Release|x64
		{A9BFC4A3-BAE9-484D-B35D-09F7B3A65190}.Release|x64.Build.0 = Release|x64
		{A9BFC4A3-BAE9-484D-B35D-09F7B3A65190}.Release|x86.ActiveCfg = Release|Win32
		{A9BFC4A3-BAE9-484D-B35D-09F7B3A65190}.Release|x86.Build.0 = Release|Win32
		{9C11D4E9-1C9C-4C05-A7A0-A5743012AF66}.Debug|x64.ActiveCfg = Debug|x64
		{9C11D4E9-1C9C-4C05-A7A0-A5743012AF66}.Debug|x64.Build.0 = Debug|x64
		{9C11D4E9-1C9C-4C05-A7A0-A5743012AF66}.Debug|x86.ActiveCfg = Debug|Win32
		{9C11D4E9-1C9C-4C05-A7A0-A5743012AF66}.Debug|x86.Build.0 = Debug|Win32
		{9C11D4E9-1C9C-4C05-A7A0-A5743012AF66}.Release|x64.ActiveCfg = Release|x64
		{9C11D4E9-1C9C-4C05-A7A0-A5743012AF66}.Release|x64.Build.0 = Release|x64
		{9C11D4E9-1C9C-4C05-A7A0-A5743012AF66}.Release|x86.ActiveCfg = Release|Win32
		{9C11D4E9-1C9C-4C05-A7A0-A5743012AF66}.Release|x86.Build.0 = Release|Win32
		{0A44F2FC-7A99-4807-AC8C-76C90712DC61}.Debug|x64.ActiveCfg = Debug|x64
		{0A44F2FC-7A99-4807-AC8C-76C90712DC61}.Debug|x64.Build.0 = Debug|x64
		{0A44F2FC-7A99-4807-AC8C-76C90712DC61}.Debug|x86.ActiveCfg = Debug|Win32
		{0A44F2FC-7A99-4807-AC8C-76C90712DC61}.Debug|x86.Build.0 = Debug|Win32
		{0A44F2FC-7A99-4807-AC8C-76C90712DC61}.Release|x64.ActiveCfg = Release|x64
		{0A44F2FC-7A99-4807-AC8C-76C90712DC61}.Release|x64.Build.0 = Release|x64
		{0A44F2FC-7A99-4807-AC8C-76C90712DC61}.Release|x86.ActiveCfg = Release|Win32
		{0A44F2FC-7A99-4807-AC8C-76C90712DC61}.Release|x86.Build.0 = Release|Win32
		{49C196D6-74E5-4573-BD46-3956548582D5}.Debug|x64.ActiveCfg = Debug|x64
		{49C196D6-74E5-4573-BD46-3956548582D5}.Debug|x64.Build.0 = Debug|x64
		{49C196D6-74E5-4573-BD46-3956548582D5}.Debug|x86.ActiveCfg = Debug|Win32
		{49C196D6-74E5-4573-BD46-3956548582D5}.Debug|x86.Build.0 = Debug|Win32
		{49C196D6-74E5-4573-BD46-3956548582D5}.Release|x64.ActiveCfg = Release|x64
		{49C196D6-74E5-4573-BD46-3956548582D5}.Release|x64.Build.0 = Release|x64
		{49C196D6-74E5-4573-BD46-3956548582D5}.Release|x86.ActiveCfg = Release|Win32
		{49C196D6-74E5-4573-BD46-3956548582D5}.Release|x86.Build.0 = Release|Win32
		{08FBA869-620C-4A42-B711-CA9A6CD3F25B}.Debug|x64.ActiveCfg = Debug|x64
		{08FBA869-620C-4A42-B711-CA9A6CD3F25B}.Debug|x64.Build.0 = Debug|x64
		{08FBA869-620C-4A42-B711-CA9A6CD3F25B}.Debug|x86.ActiveCfg = Debug|Win32
		{08FBA869-620C-4A42-B711-CA9A6CD3F25B}.Debug|x86.Build.0 = Debug|Win32
		{08FBA869-620C-4A42-B711-CA9A6CD3F25B}.Release|x64.ActiveCfg = Release|x64
		{08FBA869-620C-4A42-B711-CA9A6CD3F25B}.Release|x64.Build.0 = Release|x64
		{08FBA869-620C-4A42-B711-CA9A6CD3F25B}.Release|x86.ActiveCfg = Release|Win32
		{08FBA869-620C-4A42-B711-CA9A6CD3F25B}.Release|x86.Build.0 = Release|Win32
		{C89E3D83-D40E-4483-9646-327FA76E890E}.Debug|x64.ActiveCfg = Debug|x64
		{C89E3D83-D40E-4483-9646-327FA76E890E}.Debug|x64.Build.0 = Debug|x64
		{C89E3D83-D40E-4483-9646-327FA76E890E}.Debug|x86.ActiveCfg = Debug|Win32
		{C89E3D83-D40E-4483-9646-327FA76E890E}.Debug|x86.Build.0 = Debug|Win32
		{C89E3D83-D40E-4483-9646-327FA76E890E}.Release|x64.ActiveCfg = Release|x64
		{C89E3D83-D40E-4483-9646-327FA76E890E}.Release|x64.Build.0 = Release|x64
		{C89E3D83-D40E-4483-9646-327FA76E890E}.Release|x86.ActiveCfg = Release|Win32
		{C89E3D83-D40E-4483-9646-327FA76E890E}.Release|x86.Build.0 = Release|Win32
		{B78165B7-56A7-490D-ABA8-92270036871C}.Debug|x64.ActiveCfg = Debug|x64
		{B78165B7-56A7-490D-ABA8-92270036871C}.Debug|x64.Build.0 = Debug|x64
		{B78165B7-56A7-490D-ABA8-92270036871C}.Debug|x86.ActiveCfg = Debug|Win32
		{B78165B7-56A7-490D-ABA8-92270036871C}.Debug|x86.Build.0 = Debug|Win32
		{B78165B7-56A7-490D-ABA8-92270036871C}.Release|x64.ActiveCfg = Release|x64
		{B78165B7-56A7-490D-ABA8-92270036871C}.Release|x64.Build.0 = Release|x64
		{B78165B7-56A7-490D-ABA8-92270036871C}.Release|x86.ActiveCfg = Release|Win32
		{B78165B7-56A7-490D-ABA8-92270036871C}.Release|x86.Build.0 = Release|Win32
		{64AD8F2C-F779-4DD6-8C28-43FB4364C498}.Debug|x64.ActiveCfg = Debug|x64
		{64AD8F2C-F779-4DD6-8C28-43FB4364C498}.Debug|x64.Build.0 = Debug|x64
		{64AD8F2C-F779-4DD6-8C28-43FB4364C498}.Debug|x86.ActiveCfg = Debug|Win32
		{64AD8F2C-F779-4DD6-8C28-43FB4364C498}.Debug|x86.Build.0 = Debug|Win32
		{64AD8F2C-F779-4DD6-8C28-43FB4364C498}.Release|x64.ActiveCfg = Release|x64
		{64AD8F2C-F779-4DD6-8C28-43FB4364C498}.Release|x64.Build.0 = Release|x64
		{64AD8F2C-F779-4DD6-8C28-43FB4364C498}.Release|x86.ActiveCfg = Release|Win32
		{64AD8F2C-F779-4DD6-8C28-43FB4364C498}.Release|x86.Build.0 = Release|Win32
		{F0D61931-1407-407C-AB3A-1071571A45D7}.Debug|x64.ActiveCfg = Debug|x64
		{F0D61931-1407-407C-AB3A-1071571A45D7}.Debug|x64.Build.0 = Debug|x64
		{F0D61931-1407-407C-AB3A-1071571A45D7}.Debug|x86.ActiveCfg = Debug|Win32
		{F0D61931-1407-407C-AB3A-1071571A45D7}.Debug|x86.Build.0 = Debug|Win32
		{F0D61931-1407-407C-AB3A-1071571A45D7}.Release|x64.ActiveCfg = Release|x64
		{F0D61931-1407-407C-AB3A-1071571A45D7}.Release|x64.Build.0 = Release|x64
		{F0D61931-1407-407C-AB3A-1071571A45D7}.Release|x86.ActiveCfg = Release|Win32
		{F0D61931-1407-407C-AB3A-1071571A45D7}.Release|x86.Build.0 = Release|Win32
		{03D2B739-B05D-4657-84EE-9C0E3CED2F63}.Debug|x64.ActiveCfg = Debug|x64
		{03D2B739-B05D-4657-84EE-9C0E3CED2F63}.Debug|x64.Build.0 = Debug|x64
		{03D2B739-B05D-4657-84EE-9C0E3CED2F63}.Debug|x86.ActiveCfg = Debug|Win32
		{03D2B739-B05D-4657-84EE-9C0E3CED2F63}.Debug|x86.Build.0 = Debug|Win32
		{03D2B739-B05D-4657-84EE-9C0E3CED2F63}.Release|x64.ActiveCfg = Release|x64
		{03D2B739-B05D-4657-84EE-9C0E3CED2F63}.Release|x64.Build.0 = Release|x64
		{03D2B739-B05D-4657-84EE-9C0E3CED2F63}.Release|x86.ActiveCfg = Release|Win32
		{03D2B739-B05D-4657-84EE-9C0E3CED2F63}.Release|x86.Build.0 = Release|Win32
		{F6EF267C-8B63-4784-A69B-BD0FC94B8E4D}.Debug|x64.ActiveCfg = Debug|x64
		{F6EF267C-8B63-4784-A69B-BD0FC94B8E4D}.Debug|x64.Build.0 = Debug|x64
		{F6EF267C-8B63-4784-A69B-BD0FC94B8E4D}.Debug|x86.ActiveCfg = Debug|Win32
		{F6EF267C-8B63-4784-A69B-BD0FC94B8E4D}.Debug|x86.Build.0 = Debug|Win32
		{F6EF267C-8B63-4784-A69B-BD0FC94B8E4D}.Release|x64.ActiveCfg = Release|x64
		{F6EF267C-8B63-4784-A69B-BD0FC94B8E4D}.Release|x64.Build.0 = Release|x64
		{F6EF267C-8B63-4784-A69B-BD0FC94B8E4D}.Release|x86.ActiveCfg = Release|Win32
		{F6EF267C-8B63-4784-A69B-BD0FC94B8E4D}.Release|x86.Build.0 = Release|Win32
		{336AE35F-77A9-4412-9670-DD28361B6B9B}.Debug|x64.ActiveCfg = Debug|x64
		{336AE35F-77A9-4412-9670-DD28361B6B9B}.Debug|x64.Build.0 = Debug|x64
		{336AE35F-77A9-4412-9670-DD28361B6B9B}.Debug|x86.ActiveCfg = Debug|Win32
		{336AE35F-77A9-4412-9670-DD28361B6B9B}.Debug|x86.Build.0 = Debug|Win32
		{336AE35F-77A9-4412-9670-DD28361B6B9B}.Release|x64.ActiveCfg = Release|x64
		{336AE35F-77A9-4412-9670-DD28361B6B9B}.Release|x64.Build.0 = Release|x64
		{336AE35F-77A9-4412-9670-DD28361B6B9B}.Release|x86.ActiveCfg = Release|Win32
		{336AE35F-77A9-4412-9670-DD28361B6B9B}.Release|x86.Build.0 = Release|Win32
		{55000987-56F4-4A44-B7C1-A76785FAEA0D}.Debug|x64.ActiveCfg = Debug|x64
		{55000987-56F4-4A44-B7C1-A76785FAEA0D}.Debug|x64.Build.0 = Debug|x64
		{55000987-56F4-4A44-B7C1-A76785FAEA0D}.Debug|x86.ActiveCfg = Debug|Win32
		{55000987-56F4-4A44-B7C1-A76785FAEA0D}.Debug|x86.Build.0 = Debug|Win32
		{55000987-56F4-4A44-B7C1-A76785FAEA0D}.Release|x64.ActiveCfg = Release|x64
		{55000987-56F4-4A44-B7C1-A76785FAEA0D}.Release|x64.Build.0 = Release|x64
		{55000987-56F4-4A44-B7C1-A76785FAEA0D}.Release|x86.ActiveCfg = Release|Win32
		{55000987-56F4-4A44-B7C1-A76785FAEA0D}.Release|x86.Build.0 = Release|Win32
		{26B5C328-9509-4DC2-A979-09C4B47DD9C5}.Debug|x64.ActiveCfg = Debug|x64
		{26B5C328-9509-4DC2-A979-09C4B47DD9C5}.Debug|x64.Build.0 = Debug|x64
		{26B5C328-9509-4DC2-A979-09C4B47DD9C5}.Debug|x86.ActiveCfg = Debug|Win32
		{26B5C328-9509-4DC2-A979-09C4B47DD9C5}.Debug|x86.Build.0 = Debug|Win32
		{26B5C328-9509-4DC2-A979-09C4B47DD9C5}.Release|x64.ActiveCfg = Release|x64
		{26B5C328-9509-4DC2-A979-09C4B47DD9C5}.Release|x64.Build.0 = Release|x64
		{26B5C328-9509-4DC2-A979-09C4B47DD9C5}.Release|x86.ActiveCfg = Release|Win32
		{26B5C328-9509-4DC2-A979-09C4B47DD9C5}.Release|x86.Build.0 = Release|Win32
		{FC8AF984-4260-43C7-8B16-8834431C1C63}.Debug|x64.ActiveCfg = Debug|x64
		{FC8AF984-4260-43C7-8B16-8834431C1C63}.Debug|x64.Build.0 = Debug|x64
		{FC8AF984-4260-43C7-8B16-8834431C1C63}.Debug|x86.ActiveCfg = Debug|Win32
		{FC8AF984-4260-43C7-8B16-8834431C1C63}.Debug|x86.Build.0 = Debug|Win32
		{FC8AF984-4260-43C7-8B16-8834431C1C63}.Release|x64.ActiveCfg = Release|x64
		{FC8AF984-4260-43C7-8B16-8834431C1C63}.Release|x64.Build.0 = Release|x64
		{FC8AF984-4260-43C7-8B16-8834431C1C63}.Release|x86.ActiveCfg = Release|Win32
		{FC8AF984-4260-43C7-8B16-8834431C1C63}.Release|x86.Build.0 = Release|Win32
		{0AABBB44-A45D-4339-B663-AEF40A340A8B}.Debug|x64.ActiveCfg = Debug|x64
		{0AABBB44-A45D-4339-B663-AEF40A340A8B}.Debug|x64.Build.0 = Debug|x64
		{0AABBB44-A45D-4339-B663-AEF40A340A8B}.Debug|x86.ActiveCfg = Debug|Win32
		{0AABBB44-A45D-4339-B663-AEF40A340A8B}.Debug|x86.Build.0 = Debug|Win32
		{0AABBB44-A45D-4339-B663-AEF40A340A8B}.Release|x64.ActiveCfg = Release|x64
		{0AABBB44-A45D-4339-B663-AEF40A340A8B}.Release|x64.Build.0 = Release|x64
		{0AABBB44-A45D-4339-B663-AEF40A340A8B}.Release|x86.ActiveCfg = Release|Win32
		{0AABBB44-A45D-4339-B663-AEF40A340A8B}.Release|x86.Build.0 = Release|Win32
		{9CA9FCBE-5A8D-4352-8A46-9FF2D6E17FB3}.Debug|x64.ActiveCfg = Debug|x64
		{9CA9FCBE-5A8D-4352-8A46-9FF2D6E17FB3}.Debug|x64.Build.0 = Debug|x64
		{9CA9FCBE-5A8D-4352-8A46-9FF2D6E17FB3}.Debug|x86.ActiveCfg = Debug|Win32
		{9CA9FCBE-5A8D-4352-8A46-9FF2D6E17FB3}.Debug|x86.Build.0 = Debug|Win32
		{9CA9FCBE-5A8D-4352-8A46-9FF2D6E17FB3}.Release|x64.ActiveCfg = Release|x64
		{9CA9FCBE-5A8D-4352-8A46-9FF2D6E17FB3}.Release|x64.Build.0 = Release|x64
		{9CA9FCBE-5A8D-4352-8A46-9FF2D6E17FB3}.Release|x86.ActiveCfg = Release|Win32
		{9CA9FCBE-5A8D-4352-8A46-9FF2D6E17FB3}.Release|x86.Build.0 = Release|Win32
		{CC788271-742D-444B-A0AB-89370D503CD4}.Debug|x64.ActiveCfg = Debug|x64
		{CC788271-742D-444B-A0AB-89370D503CD4}.Debug|x64.Build.0 = Debug|x64
		{CC788271-742D-444B-A0AB-89370D503CD4}.Debug|x86.ActiveCfg = Debug|Win32
		{CC788271-742D-444B-A0AB-89370D503CD4}.Debug|x86.Build.0 = Debug|Win32
		{CC788271-742D-444B-A0AB-89370D503CD4}.Release|x64.ActiveCfg = Release|x64
		{CC788271-742D-444B-A0AB-89370D503CD4}.Release|x64.Build.0 = Release|x64
		{CC788271-742D-444B-A0AB-89370D503CD4}.Release|x86.ActiveCfg = Release|Win32
		{CC788271-742D-444B-A0AB-89370D503CD4}.Release|x86.Build.0 = Release|Win32
		{B238A2DC-4C37-4118-8F0A-1D77929AF6A2}.Debug|x64.ActiveCfg = Debug|x64
		{B238A2DC-4C37-4118-8F0A-1D77929AF6A2}.Debug|x64.Build.0 = Debug|x64
		{B238A2DC-4C37-4118-8F0A-1D77929AF6A2}.Debug|x86.ActiveCfg = Debug|Win32
		{B238A2DC-4C37-4118-8F0A-1D77929AF6A2}.Debug|x86.Build.0 = Debug|Win32
		{B238A2DC-4C37-4118-8F0A-1D77929AF6A2}.Release|x64.ActiveCfg = Release|x64
		{B238A2DC-4C37-4118-8F0A-1D77929AF6A2}.Release|x64.Build.0 = Release|x64
		{B238A2DC-4C37-4118-8F0A-1D77929AF6A2}.Release|x86.ActiveCfg = Release|Win32
		{B238A2DC-4C37-4118-8F0A-1D77929AF6A2}.Release|x86.Build.0 = Release|Win32
		{2E5FD9C0-7FAE-4ADF-9D7F-BDB6448D94BC}.Debug|x64.ActiveCfg = Debug|x64
		{2E5FD9C0-7FAE-4ADF-9D7F-BDB6448D94BC}.Debug|x64.Build.0 = Debug|x64
		{2E5FD9C0-7FAE-4ADF-9D7F-BDB6448D94BC}.Debug|x86.ActiveCfg = Debug|Win32
		{2E5FD9C0-7FAE-4ADF-9D7F-BDB6448D94BC}.Debug|x86.Build.0 = Debug|Win32
		{2E5FD9C0-7FAE-4ADF-9D7F-BDB6448D94BC}.Release|x64.ActiveCfg = Release|x64
		{2E5FD9C0-7FAE-4ADF-9D7F-BDB6448D94BC}.Release|x64.Build.0 = Release|x64
		{2E5FD9C0-7FAE-4ADF-9D7F-BDB6448D94BC}.Release|x86.ActiveCfg = Release|Win32
		{2E5FD9C0-7FAE-4ADF-9D7F-BDB6448D94BC}.Release|x86.Build.0 = Release|Win32
		{A43DC38D-3DEF-4831-A82B-DD33720A2484}.Debug|x64.ActiveCfg = Debug|x64
		{A43DC38D-3DEF-4831-A82B-DD33720A2484}.Debug|x64.Build.0 = Debug|x64
		{A43DC38D-3DEF-4831-A82B-DD33720A2484}.Debug|x86.ActiveCfg = Debug|Win32
		{A43DC38D-3DEF-4831-A82B-DD33720A2484}.Debug|x86.Build.0 = Debug|Win32
		{A43DC38D-3DEF-4831-A82B-DD33720A2484}.Release|x64.ActiveCfg = Release|x64
		{A43DC38D-3DEF-4831-A82B-DD33720A2484}.Release|x64.Build.0 = Release|x64
		{A43DC38D-3DEF-4831-A82B-DD33720A2484}.Release|x86.ActiveCfg = Release|Win32
		{A43DC38D-3DEF-4831-A82B-DD33720A2484}.Release|x86.Build.0 = Release|Win32
		{EAA324B5-DBB7-4BC1-8C86-7F12D83C9EF4}.Debug|x64.ActiveCfg = Debug|x64
		{EAA324B5-DBB7-4BC1-8C86-7F12D83C9EF4}.Debug|x64.Build.0 = Debug|x64
		{EAA324B5-DBB7-4BC1-8C86-7F12D83C9EF4}.Debug|x86.ActiveCfg = Debug|Win32
		{EAA324B5-DBB7-4BC1-8C86-7F12D83C9EF4}.Debug|x86.Build.0 = Debug|Win32
		{EAA324B5-DBB7-4BC1-8C86-7F12D83C9EF4}.Release|x64.ActiveCfg = Release|x64
		{EAA324B5-DBB7-4BC1-8C86-7F12D83C9EF4}.Release|x64.Build.0 = Release|x64
		{EAA324B5-DBB7-4BC1-8C86-7F12D83C9EF4}.Release|x86.ActiveCfg = Release|Win32
		{EAA324B5-DBB7-4BC1-8C86-7F12D83C9EF4}.Release|x86.Build.0 = Release|Win32
		{D5609673-5C62-49A4-A3EE-D0B4338D6391}.Debug|x64.ActiveCfg = Debug|x64
		{D5609673-5C62-49A4-A3EE-D0B4338D6391}.Debug|x64.Build.0 = Debug|x64
		{D5609673-5C62-49A4-A3EE-D0B4338D6391}.Debug|x86.ActiveCfg = Debug|Win32
		{D5609673-5C62-49A4-A3EE-D0B4338D6391}.Debug|x86.Build.0 = Debug|Win32
		{D5609673-5C62-49A4-A3EE-D0B4338D6391}.Release|x64.ActiveCfg = Release|x64
		{D5609673-5C62-49A4-A3EE-D0B4338D6391}.Release|x64.Build.0 = Release|x64
		{D5609673-5C62-49A4-A3EE-D0B4338D6391}.Release|x86.ActiveCfg = Release|Win32
		{D5609673-5C62-49A4-A3EE-D0B4338D6391}.Release|x86.Build.0 = Release|Win32
		{B224F733-1FC8-46CD-AC5A-082BF3109D12}.Debug|x64.ActiveCfg = Debug|x64
		{B224F733-1FC8-46CD-AC5A-082BF3109D12}.Debug|x64.Build.0 = Debug|x64
		{B224F733-1FC8-46CD-AC5A-082BF3109D12}.Debug|x86.ActiveCfg = Debug|Win32
		{B224F733-1FC8-46CD-AC5A-082BF3109D12}.Debug|x86.Build.0 = Debug|Win32
		{B224F733-1FC8-46CD-AC5A-082BF3109D12}.Release|x64.ActiveCfg = Release|x64
		{B224F733-1FC8-46CD-AC5A-082BF3109D12}.Release|x64.Build.0 = Release|x64
		{B224F733-1FC8-46CD-AC5A-082BF3109D12}.Release|x86.ActiveCfg = Release|Win32
		{B224F733-1FC8-46CD-AC5A-082BF3109D12}.Release|x86.Build.0 = Release|Win32
		{8F9E2E2F-12B4-4E83-8F45-FAF3C504BFFF}.Debug|x64.ActiveCfg = Debug|x64
		{8F9E2E2F-12B4-4E83-8F45-FAF3C504BFFF}.Debug|x64.Build.0 = Debug|x64
		{8F9E2E2F-12B4-4E83-8F45-FAF3C504BFFF}.Debug|x86.ActiveCfg = Debug|Win32
		{8F9E2E2F-12B4-4E83-8F45-FAF3C504BFFF}.Debug|x86.Build.0 = Debug|Win32
		{8F9E2E2F-12B4-4E83-8F45-FAF3C504BFFF}.Release|x64.ActiveCfg = Release|x64
		{8F9E2E2F-12B4-4E83-8F45-FAF3C504BFFF}.Release|x64.Build.0 = Release|x64
		{8F9E2E2F-12B4-4E83-8F45-FAF3C504BFFF}.Release|x86.ActiveCfg = Release|Win32
		{8F9E2E2F-12B4-4E83-8F45-FAF3C504BFFF}.Release|x86.Build.0 = Release|Win32
		{8B6196C9-593C-46AE-B5CD-98297AE6A2EC}.Debug|x64.ActiveCfg = Debug|x64
		{8B6196C9-593C-46AE-B5CD-98297AE6A2EC}.Debug|x64.Build.0 = Debug|x64
		{8B6196C9-593C-46AE-B5CD-98297AE6A2EC}.Debug|x86.ActiveCfg = Debug|Win32
		{8B6196C9-593C-46AE-B5CD-98297AE6A2EC}.Debug|x86.Build.0 = Debug|Win32
		{8B6196C9-593C-46AE-B5CD-98297AE6A2EC}.Release|x64.ActiveCfg = Release|x64
		{8B6196C9-593C-46AE-B5CD-98297AE6A2EC}.Release|x64.Build.0 = Release|x64
		{8B6196C9-593C-46AE-B5CD-98297AE6A2EC}.Release|x86.ActiveCfg = Release|Win32
		{8B6196C9-593C-46AE-B5CD-98297AE6A2EC}.Release|x86.Build.0 = Release|Win32
		{289BFCDD-9885-4EDE-870F-229D8B8A22DC}.Debug|x64.ActiveCfg = Debug|x64
		{289BFCDD-9885-4EDE-870F-229D8B8A22DC}.Debug|x64.Build.0 = Debug|x64
		{289BFCDD-9885-4EDE-870F-229D8B8A22DC}.Debug|x86.ActiveCfg = Debug|Win32
		{289BFCDD-9885-4EDE-870F-229D8B8A22DC}.Debug|x86.Build.0 = Debug|Win32
		{289BFCDD-9885-4EDE-870F-229D8B8A22DC}.Release|x64.ActiveCfg = Release|x64
		{289BFCDD-9885-4EDE-870F-229D8B8A22DC}.Release|x64.Build.0 = Release|x64
		{289BFCDD-9885-4EDE-870F-229D8B8A22DC}.Release|x86.ActiveCfg = Release|Win32
		{289BFCDD-9885-4EDE-870F-229D8B8A22DC}.Release|x86.Build.0 = Release|Win32
		{4CFC9B76-1FA8-4D64-A0AD-C10B596CFCED}.Debug|x64.ActiveCfg = Debug|x64
		{4CFC9B76-1FA8-4D64-A0AD-C10B596CFCED}.Debug|x64.Build.0 = Debug|x64
		{4CFC9B76-1FA8-4D64-A0AD-C10B596CFCED}.Debug|x86.ActiveCfg = Debug|Win32
		{4CFC9B76-1FA8-4D64-A0AD-C10B596CFCED}.Debug|x86.Build.0 = Debug|Win32
		{4CFC9B76-1FA8-4D64-A0AD-C10B596CFCED}.Release|x64.ActiveCfg = Release|x64
		{4CFC9B76-1FA8-4D64-A0AD-C10B596CFCED}.Release|x64.Build.0 = Release|x64
		{4CFC9B76-1FA8-4D64-A0AD-C10B596CFCED}.Release|x86.ActiveCfg = Release|Win32
		{4CFC9B76-1FA8-4D64-A0AD-C10B596CFCED}.Release|x86.Build.0 = Release|Win32
		{F389D208-7837-4183-AF3A-AD0533B12A4F}.Debug|x64.ActiveCfg = Debug|x64
		{F389D208-7837-4183-AF3A-AD0533B12A4F}.Debug|x64.Build.0 = Debug|x64
		{F389D208-7837-4183-AF3A-AD0533B12A4F}.Debug|x86.ActiveCfg = Debug|Win32
		{F389D208-7837-4183-AF3A-AD0533B12A4F}.Debug|x86.Build.0 = Debug|Win32
		{F389D208-7837-4183-AF3A-AD0533B12A4F}.Release|x64.ActiveCfg = Release|x64
		{F389D208-7837-4183-AF3A-AD0533B12A4F}.Release|x64.Build.0 = Release|x64
		{F389D208-7837-4183-AF3A-AD0533B12A4F}.Release|x86.ActiveCfg = Release|Win32
		{F389D208-7837-4183-AF3A-AD0533B12A4F}.Release|x86.Build.0 = Release|Win32
		{19D4615E-31C3-4F4A-998F-F6CE80F68A63}.Debug|x64.ActiveCfg = Debug|x64
		{19D4615E-31C3-4F4A-998F-F6CE80F68A63}.Debug|x64.Build.0 = Debug|x64
		{19D4615E-31C3-4F4A-998F-F6CE80F68A63}.Debug|x86.ActiveCfg = Debug|Win32
		{19D4615E-31C3-4F4A-998F-F6CE80F68A63}.Debug|x86.Build.0 = Debug|Win32
		{19D4615E-31C3-4F4A-998F-F6CE80F68A63}.Release|x64.ActiveCfg = Release|x64
		{19D4615E-31C3-4F4A-998F-F6CE80F68A63}.Release|x64.Build.0 = Release|x64
		{19D4615E-31C3-4F4A-998F-F6CE80F68A63}.Release|x86.ActiveCfg = Release|Win32
		{19D4615E-31C3-4F4A-998F-F6CE80F68A63}.Release|x86.Build.0 = Release|Win32
		{E5A9B030-DDFA-4438-8708-D242DF2E1609}.Debug|x64.ActiveCfg = Debug|x64
		{E5A9B030-DDFA-4438-8708-D242DF2E1609}.Debug|x64.Build.0 = Debug|x64
		{E5A9B030-DDFA-4438-8708-D242DF2E1609}.Debug|x86.ActiveCfg = Debug|Win32
		{E5A9B030-DDFA-4438-8708-D242DF2E1609}.Debug|x86.Build.0 = Debug|Win32
		{E5A9B030-DDFA-4438-8708-D242DF2E1609}.Release|x64.ActiveCfg = Release|x64
		{E5A9B030-DDFA-4438-8708-D242DF2E1609}.Release|x64.Build.0 = Release|x64
		{E5A9B030-DDFA-4438-8708-D242DF2E1609}.Release|x86.ActiveCfg = Release|Win32
		{E5A9B030-DDFA-4438-8708-D242DF2E1609}.Release|x86.Build.0 = Release|Win32
		{5E8083FF-DF81-4665-9FD9-634EED543F97}.Debug|x64.ActiveCfg = Debug|x64
		{5E8083FF-DF81-4665-9FD9-634EED543F97}.Debug|x64.Build.0 = Debug|x64
		{5E8083FF-DF81-4665-9FD9-634EED543F97}.Debug|x86.ActiveCfg = Debug|Win32
		{5E8083FF-DF81-4665-9FD9-634EED543F97}.Debug|x86.Build.0 = Debug|Win32
		{5E8083FF-DF81-4665-9FD9-634EED543F97}.Release|x64.ActiveCfg = Release|x64
		{5E8083FF-DF81-4665-9FD9-634EED543F97}.Release|x64.Build.0 = Release|x64
		{5E8083FF-DF81-4665-9FD9-634EED543F97}.Release|x86.ActiveCfg = Release|Win32
		{5E8083FF-DF81-4665-9FD9-634EED543F97}.Release|x86.Build.0 = Release|Win32
		{9A03D711-2495-4E7D-AAC3-A1AE6B042CAD}.Debug|x64.ActiveCfg = Debug|x64
		{9A03D711-2495-4E7D-AAC3-A1AE6B042CAD}.Debug|x64.Build.0 = Debug|x64
		{9A03D711-2495-4E7D-AAC3-A1AE6B042CAD}.Debug|x86.ActiveCfg = Debug|Win32
		{9A03D711-2495-4E7D-AAC3-A1AE6B042CAD}.Debug|x86.Build.0 = Debug|Win32
		{9A03D711-2495-4E7D-AAC3-A1AE6B042CAD}.Release|x64.ActiveCfg = Release|x64
		{9A03D711-2495-4E7D-AAC3-A1AE6B042CAD}.Release|x64.Build.0 = Release|x64
		{9A03D711-2495-4E7D-AAC3-A1AE6B042CAD}.Release|x86.ActiveCfg = Release|Win32
		{9A03D711-2495-4E7D-AAC3-A1AE6B042CAD}.Release|x86.Build.0 = Release|Win32
	EndGlobalSection
	GlobalSection(SolutionProperties) = preSolution
		HideSolutionNode = FALSE
	EndGlobalSection
	GlobalSection(ExtensibilityGlobals) = postSolution
		SolutionGuid = {3D0C36DC-26B2-46F1-8A5C-751F557A3427}
	EndGlobalSection
EndGlobal
